// !$*UTF8*$!
{
	archiveVersion = 1;
	classes = {
	};
	objectVersion = 51;
	objects = {

/* Begin PBXBuildFile section */
		00EA58F3E036B4B34D332A3E /* Pods_BooksDemo_BooksDemoUITests.framework in Frameworks */ = {isa = PBXBuildFile; fileRef = C354494F5D842D1BD5CEEEE4 /* Pods_BooksDemo_BooksDemoUITests.framework */; };
		53AB5412FF4D672BC6D9E8AE /* Pods_BooksDemo.framework in Frameworks */ = {isa = PBXBuildFile; fileRef = 60BC954125AE747C767E919E /* Pods_BooksDemo.framework */; };
		849375A6243D0C5800A72AE0 /* BooksViewModel.swift in Sources */ = {isa = PBXBuildFile; fileRef = 849375A5243D0C5800A72AE0 /* BooksViewModel.swift */; };
		849375AA243D27E200A72AE0 /* UIViewControllerExtension.swift in Sources */ = {isa = PBXBuildFile; fileRef = 849375A9243D27E200A72AE0 /* UIViewControllerExtension.swift */; };
		849375AC243D29A200A72AE0 /* BookModelTests.swift in Sources */ = {isa = PBXBuildFile; fileRef = 849375AB243D29A200A72AE0 /* BookModelTests.swift */; };
		849375AE243D2D3700A72AE0 /* BooksResponseModelTests.swift in Sources */ = {isa = PBXBuildFile; fileRef = 849375AD243D2D3700A72AE0 /* BooksResponseModelTests.swift */; };
		849375B1243D2EAD00A72AE0 /* books-sample.json in Resources */ = {isa = PBXBuildFile; fileRef = 849375B0243D2EAD00A72AE0 /* books-sample.json */; };
		84982385243C4DBF00E8CA58 /* AppDelegate.swift in Sources */ = {isa = PBXBuildFile; fileRef = 84982384243C4DBF00E8CA58 /* AppDelegate.swift */; };
		84982387243C4DBF00E8CA58 /* SceneDelegate.swift in Sources */ = {isa = PBXBuildFile; fileRef = 84982386243C4DBF00E8CA58 /* SceneDelegate.swift */; };
		84982389243C4DBF00E8CA58 /* BooksViewController.swift in Sources */ = {isa = PBXBuildFile; fileRef = 84982388243C4DBF00E8CA58 /* BooksViewController.swift */; };
		8498238E243C4DC000E8CA58 /* Assets.xcassets in Resources */ = {isa = PBXBuildFile; fileRef = 8498238D243C4DC000E8CA58 /* Assets.xcassets */; };
		84982391243C4DC000E8CA58 /* LaunchScreen.storyboard in Resources */ = {isa = PBXBuildFile; fileRef = 8498238F243C4DC000E8CA58 /* LaunchScreen.storyboard */; };
		849823A7243C4DC100E8CA58 /* BooksDemoUITests.swift in Sources */ = {isa = PBXBuildFile; fileRef = 849823A6243C4DC100E8CA58 /* BooksDemoUITests.swift */; };
		849C6F27243C50AC001DC258 /* UIColorExtension.swift in Sources */ = {isa = PBXBuildFile; fileRef = 849C6F26243C50AC001DC258 /* UIColorExtension.swift */; };
		849C6F29243C53B7001DC258 /* Author.swift in Sources */ = {isa = PBXBuildFile; fileRef = 849C6F28243C53B7001DC258 /* Author.swift */; };
		849C6F2B243C540F001DC258 /* Narrator.swift in Sources */ = {isa = PBXBuildFile; fileRef = 849C6F2A243C540F001DC258 /* Narrator.swift */; };
		849C6F2D243C5422001DC258 /* Book.swift in Sources */ = {isa = PBXBuildFile; fileRef = 849C6F2C243C5422001DC258 /* Book.swift */; };
		849C6F2F243C557C001DC258 /* BookCover.swift in Sources */ = {isa = PBXBuildFile; fileRef = 849C6F2E243C557C001DC258 /* BookCover.swift */; };
		849C6F31243C5619001DC258 /* BooksRouter.swift in Sources */ = {isa = PBXBuildFile; fileRef = 849C6F30243C5619001DC258 /* BooksRouter.swift */; };
		849C6F33243C567F001DC258 /* Constants.swift in Sources */ = {isa = PBXBuildFile; fileRef = 849C6F32243C567F001DC258 /* Constants.swift */; };
		849C6F35243C5736001DC258 /* BooksAPIManager.swift in Sources */ = {isa = PBXBuildFile; fileRef = 849C6F34243C5736001DC258 /* BooksAPIManager.swift */; };
		849C6F37243C579A001DC258 /* BooksResponse.swift in Sources */ = {isa = PBXBuildFile; fileRef = 849C6F36243C579A001DC258 /* BooksResponse.swift */; };
		849C6F39243C60AD001DC258 /* BookTableViewCell.swift in Sources */ = {isa = PBXBuildFile; fileRef = 849C6F38243C60AD001DC258 /* BookTableViewCell.swift */; };
		9DD26ED730DBB3CC94C83306 /* Pods_BooksDemoTests.framework in Frameworks */ = {isa = PBXBuildFile; fileRef = 4527808AE52DDE3582809908 /* Pods_BooksDemoTests.framework */; };
/* End PBXBuildFile section */

/* Begin PBXContainerItemProxy section */
		84982398243C4DC000E8CA58 /* PBXContainerItemProxy */ = {
			isa = PBXContainerItemProxy;
			containerPortal = 84982379243C4DBF00E8CA58 /* Project object */;
			proxyType = 1;
			remoteGlobalIDString = 84982380243C4DBF00E8CA58;
			remoteInfo = BooksDemo;
		};
		849823A3243C4DC100E8CA58 /* PBXContainerItemProxy */ = {
			isa = PBXContainerItemProxy;
			containerPortal = 84982379243C4DBF00E8CA58 /* Project object */;
			proxyType = 1;
			remoteGlobalIDString = 84982380243C4DBF00E8CA58;
			remoteInfo = BooksDemo;
		};
/* End PBXContainerItemProxy section */

/* Begin PBXFileReference section */
		4527808AE52DDE3582809908 /* Pods_BooksDemoTests.framework */ = {isa = PBXFileReference; explicitFileType = wrapper.framework; includeInIndex = 0; path = Pods_BooksDemoTests.framework; sourceTree = BUILT_PRODUCTS_DIR; };
		60BC954125AE747C767E919E /* Pods_BooksDemo.framework */ = {isa = PBXFileReference; explicitFileType = wrapper.framework; includeInIndex = 0; path = Pods_BooksDemo.framework; sourceTree = BUILT_PRODUCTS_DIR; };
		849375A5243D0C5800A72AE0 /* BooksViewModel.swift */ = {isa = PBXFileReference; lastKnownFileType = sourcecode.swift; path = BooksViewModel.swift; sourceTree = "<group>"; };
		849375A9243D27E200A72AE0 /* UIViewControllerExtension.swift */ = {isa = PBXFileReference; lastKnownFileType = sourcecode.swift; path = UIViewControllerExtension.swift; sourceTree = "<group>"; };
		849375AB243D29A200A72AE0 /* BookModelTests.swift */ = {isa = PBXFileReference; lastKnownFileType = sourcecode.swift; path = BookModelTests.swift; sourceTree = "<group>"; };
		849375AD243D2D3700A72AE0 /* BooksResponseModelTests.swift */ = {isa = PBXFileReference; lastKnownFileType = sourcecode.swift; path = BooksResponseModelTests.swift; sourceTree = "<group>"; };
		849375B0243D2EAD00A72AE0 /* books-sample.json */ = {isa = PBXFileReference; fileEncoding = 4; lastKnownFileType = text.json; path = "books-sample.json"; sourceTree = "<group>"; };
		84982381243C4DBF00E8CA58 /* BooksDemo.app */ = {isa = PBXFileReference; explicitFileType = wrapper.application; includeInIndex = 0; path = BooksDemo.app; sourceTree = BUILT_PRODUCTS_DIR; };
		84982384243C4DBF00E8CA58 /* AppDelegate.swift */ = {isa = PBXFileReference; lastKnownFileType = sourcecode.swift; path = AppDelegate.swift; sourceTree = "<group>"; };
		84982386243C4DBF00E8CA58 /* SceneDelegate.swift */ = {isa = PBXFileReference; lastKnownFileType = sourcecode.swift; path = SceneDelegate.swift; sourceTree = "<group>"; };
		84982388243C4DBF00E8CA58 /* BooksViewController.swift */ = {isa = PBXFileReference; lastKnownFileType = sourcecode.swift; path = BooksViewController.swift; sourceTree = "<group>"; };
		8498238D243C4DC000E8CA58 /* Assets.xcassets */ = {isa = PBXFileReference; lastKnownFileType = folder.assetcatalog; path = Assets.xcassets; sourceTree = "<group>"; };
		84982390243C4DC000E8CA58 /* Base */ = {isa = PBXFileReference; lastKnownFileType = file.storyboard; name = Base; path = Base.lproj/LaunchScreen.storyboard; sourceTree = "<group>"; };
		84982392243C4DC000E8CA58 /* Info.plist */ = {isa = PBXFileReference; lastKnownFileType = text.plist.xml; path = Info.plist; sourceTree = "<group>"; };
		84982397243C4DC000E8CA58 /* BooksDemoTests.xctest */ = {isa = PBXFileReference; explicitFileType = wrapper.cfbundle; includeInIndex = 0; path = BooksDemoTests.xctest; sourceTree = BUILT_PRODUCTS_DIR; };
		8498239D243C4DC000E8CA58 /* Info.plist */ = {isa = PBXFileReference; lastKnownFileType = text.plist.xml; path = Info.plist; sourceTree = "<group>"; };
		849823A2243C4DC100E8CA58 /* BooksDemoUITests.xctest */ = {isa = PBXFileReference; explicitFileType = wrapper.cfbundle; includeInIndex = 0; path = BooksDemoUITests.xctest; sourceTree = BUILT_PRODUCTS_DIR; };
		849823A6243C4DC100E8CA58 /* BooksDemoUITests.swift */ = {isa = PBXFileReference; lastKnownFileType = sourcecode.swift; path = BooksDemoUITests.swift; sourceTree = "<group>"; };
		849823A8243C4DC100E8CA58 /* Info.plist */ = {isa = PBXFileReference; lastKnownFileType = text.plist.xml; path = Info.plist; sourceTree = "<group>"; };
		849C6F26243C50AC001DC258 /* UIColorExtension.swift */ = {isa = PBXFileReference; lastKnownFileType = sourcecode.swift; path = UIColorExtension.swift; sourceTree = "<group>"; };
		849C6F28243C53B7001DC258 /* Author.swift */ = {isa = PBXFileReference; lastKnownFileType = sourcecode.swift; path = Author.swift; sourceTree = "<group>"; };
		849C6F2A243C540F001DC258 /* Narrator.swift */ = {isa = PBXFileReference; lastKnownFileType = sourcecode.swift; path = Narrator.swift; sourceTree = "<group>"; };
		849C6F2C243C5422001DC258 /* Book.swift */ = {isa = PBXFileReference; lastKnownFileType = sourcecode.swift; path = Book.swift; sourceTree = "<group>"; };
		849C6F2E243C557C001DC258 /* BookCover.swift */ = {isa = PBXFileReference; lastKnownFileType = sourcecode.swift; path = BookCover.swift; sourceTree = "<group>"; };
		849C6F30243C5619001DC258 /* BooksRouter.swift */ = {isa = PBXFileReference; lastKnownFileType = sourcecode.swift; path = BooksRouter.swift; sourceTree = "<group>"; };
		849C6F32243C567F001DC258 /* Constants.swift */ = {isa = PBXFileReference; lastKnownFileType = sourcecode.swift; path = Constants.swift; sourceTree = "<group>"; };
		849C6F34243C5736001DC258 /* BooksAPIManager.swift */ = {isa = PBXFileReference; lastKnownFileType = sourcecode.swift; path = BooksAPIManager.swift; sourceTree = "<group>"; };
		849C6F36243C579A001DC258 /* BooksResponse.swift */ = {isa = PBXFileReference; lastKnownFileType = sourcecode.swift; path = BooksResponse.swift; sourceTree = "<group>"; };
		849C6F38243C60AD001DC258 /* BookTableViewCell.swift */ = {isa = PBXFileReference; lastKnownFileType = sourcecode.swift; path = BookTableViewCell.swift; sourceTree = "<group>"; };
		949C8FAD41E712318B66199C /* Pods-BooksDemo.release.xcconfig */ = {isa = PBXFileReference; includeInIndex = 1; lastKnownFileType = text.xcconfig; name = "Pods-BooksDemo.release.xcconfig"; path = "Target Support Files/Pods-BooksDemo/Pods-BooksDemo.release.xcconfig"; sourceTree = "<group>"; };
		9990AAC3B39780CD2E9471F0 /* Pods-BooksDemoTests.release.xcconfig */ = {isa = PBXFileReference; includeInIndex = 1; lastKnownFileType = text.xcconfig; name = "Pods-BooksDemoTests.release.xcconfig"; path = "Target Support Files/Pods-BooksDemoTests/Pods-BooksDemoTests.release.xcconfig"; sourceTree = "<group>"; };
		BA26D8E38C4CEAE8FAF4C0B3 /* Pods-BooksDemoTests.debug.xcconfig */ = {isa = PBXFileReference; includeInIndex = 1; lastKnownFileType = text.xcconfig; name = "Pods-BooksDemoTests.debug.xcconfig"; path = "Target Support Files/Pods-BooksDemoTests/Pods-BooksDemoTests.debug.xcconfig"; sourceTree = "<group>"; };
		C354494F5D842D1BD5CEEEE4 /* Pods_BooksDemo_BooksDemoUITests.framework */ = {isa = PBXFileReference; explicitFileType = wrapper.framework; includeInIndex = 0; path = Pods_BooksDemo_BooksDemoUITests.framework; sourceTree = BUILT_PRODUCTS_DIR; };
		C4333C949F9EAC76D9AA31A0 /* Pods-BooksDemo-BooksDemoUITests.release.xcconfig */ = {isa = PBXFileReference; includeInIndex = 1; lastKnownFileType = text.xcconfig; name = "Pods-BooksDemo-BooksDemoUITests.release.xcconfig"; path = "Target Support Files/Pods-BooksDemo-BooksDemoUITests/Pods-BooksDemo-BooksDemoUITests.release.xcconfig"; sourceTree = "<group>"; };
		E42E9742C54D7522AA0D350A /* Pods-BooksDemo-BooksDemoUITests.debug.xcconfig */ = {isa = PBXFileReference; includeInIndex = 1; lastKnownFileType = text.xcconfig; name = "Pods-BooksDemo-BooksDemoUITests.debug.xcconfig"; path = "Target Support Files/Pods-BooksDemo-BooksDemoUITests/Pods-BooksDemo-BooksDemoUITests.debug.xcconfig"; sourceTree = "<group>"; };
		EC8ADBC761F466BF063B89C8 /* Pods-BooksDemo.debug.xcconfig */ = {isa = PBXFileReference; includeInIndex = 1; lastKnownFileType = text.xcconfig; name = "Pods-BooksDemo.debug.xcconfig"; path = "Target Support Files/Pods-BooksDemo/Pods-BooksDemo.debug.xcconfig"; sourceTree = "<group>"; };
/* End PBXFileReference section */

/* Begin PBXFrameworksBuildPhase section */
		8498237E243C4DBF00E8CA58 /* Frameworks */ = {
			isa = PBXFrameworksBuildPhase;
			buildActionMask = 2147483647;
			files = (
				53AB5412FF4D672BC6D9E8AE /* Pods_BooksDemo.framework in Frameworks */,
			);
			runOnlyForDeploymentPostprocessing = 0;
		};
		84982394243C4DC000E8CA58 /* Frameworks */ = {
			isa = PBXFrameworksBuildPhase;
			buildActionMask = 2147483647;
			files = (
				9DD26ED730DBB3CC94C83306 /* Pods_BooksDemoTests.framework in Frameworks */,
			);
			runOnlyForDeploymentPostprocessing = 0;
		};
		8498239F243C4DC100E8CA58 /* Frameworks */ = {
			isa = PBXFrameworksBuildPhase;
			buildActionMask = 2147483647;
			files = (
				00EA58F3E036B4B34D332A3E /* Pods_BooksDemo_BooksDemoUITests.framework in Frameworks */,
			);
			runOnlyForDeploymentPostprocessing = 0;
		};
/* End PBXFrameworksBuildPhase section */

/* Begin PBXGroup section */
		6AC61CA50BB9065149383625 /* Frameworks */ = {
			isa = PBXGroup;
			children = (
				60BC954125AE747C767E919E /* Pods_BooksDemo.framework */,
				C354494F5D842D1BD5CEEEE4 /* Pods_BooksDemo_BooksDemoUITests.framework */,
				4527808AE52DDE3582809908 /* Pods_BooksDemoTests.framework */,
			);
			name = Frameworks;
			sourceTree = "<group>";
		};
		849375AF243D2E4B00A72AE0 /* Test Samples */ = {
			isa = PBXGroup;
			children = (
				849375B0243D2EAD00A72AE0 /* books-sample.json */,
			);
			path = "Test Samples";
			sourceTree = "<group>";
		};
		84982378243C4DBF00E8CA58 = {
			isa = PBXGroup;
			children = (
				84982383243C4DBF00E8CA58 /* BooksDemo */,
				8498239A243C4DC000E8CA58 /* BooksDemoTests */,
				849823A5243C4DC100E8CA58 /* BooksDemoUITests */,
				84982382243C4DBF00E8CA58 /* Products */,
				C12D810C53EB277AF60DAD87 /* Pods */,
				6AC61CA50BB9065149383625 /* Frameworks */,
			);
			sourceTree = "<group>";
		};
		84982382243C4DBF00E8CA58 /* Products */ = {
			isa = PBXGroup;
			children = (
				84982381243C4DBF00E8CA58 /* BooksDemo.app */,
				84982397243C4DC000E8CA58 /* BooksDemoTests.xctest */,
				849823A2243C4DC100E8CA58 /* BooksDemoUITests.xctest */,
			);
			name = Products;
			sourceTree = "<group>";
		};
		84982383243C4DBF00E8CA58 /* BooksDemo */ = {
			isa = PBXGroup;
			children = (
				84982384243C4DBF00E8CA58 /* AppDelegate.swift */,
				84982386243C4DBF00E8CA58 /* SceneDelegate.swift */,
				849C6F1D243C4E84001DC258 /* Modules */,
				849C6F24243C5041001DC258 /* Common */,
				849375AF243D2E4B00A72AE0 /* Test Samples */,
				849C6F1C243C4E6E001DC258 /* Assets */,
			);
			path = BooksDemo;
			sourceTree = "<group>";
		};
		8498239A243C4DC000E8CA58 /* BooksDemoTests */ = {
			isa = PBXGroup;
			children = (
				849375AD243D2D3700A72AE0 /* BooksResponseModelTests.swift */,
				849375AB243D29A200A72AE0 /* BookModelTests.swift */,
				8498239D243C4DC000E8CA58 /* Info.plist */,
			);
			path = BooksDemoTests;
			sourceTree = "<group>";
		};
		849823A5243C4DC100E8CA58 /* BooksDemoUITests */ = {
			isa = PBXGroup;
			children = (
				849823A6243C4DC100E8CA58 /* BooksDemoUITests.swift */,
				849823A8243C4DC100E8CA58 /* Info.plist */,
			);
			path = BooksDemoUITests;
			sourceTree = "<group>";
		};
		849C6F1C243C4E6E001DC258 /* Assets */ = {
			isa = PBXGroup;
			children = (
				8498238D243C4DC000E8CA58 /* Assets.xcassets */,
				8498238F243C4DC000E8CA58 /* LaunchScreen.storyboard */,
				84982392243C4DC000E8CA58 /* Info.plist */,
			);
			name = Assets;
			sourceTree = "<group>";
		};
		849C6F1D243C4E84001DC258 /* Modules */ = {
			isa = PBXGroup;
			children = (
				849C6F1E243C4E8E001DC258 /* Books List */,
			);
			path = Modules;
			sourceTree = "<group>";
		};
		849C6F1E243C4E8E001DC258 /* Books List */ = {
			isa = PBXGroup;
			children = (
				849C6F1F243C4EA0001DC258 /* Data Access */,
				849C6F21243C4EAE001DC258 /* View Models */,
				849C6F22243C4EB4001DC258 /* View Controllers */,
				849C6F23243C4EBC001DC258 /* UI */,
			);
			path = "Books List";
			sourceTree = "<group>";
		};
		849C6F1F243C4EA0001DC258 /* Data Access */ = {
			isa = PBXGroup;
			children = (
				849C6F34243C5736001DC258 /* BooksAPIManager.swift */,
				849C6F30243C5619001DC258 /* BooksRouter.swift */,
				849C6F20243C4EA8001DC258 /* Models */,
			);
			path = "Data Access";
			sourceTree = "<group>";
		};
		849C6F20243C4EA8001DC258 /* Models */ = {
			isa = PBXGroup;
			children = (
				849C6F36243C579A001DC258 /* BooksResponse.swift */,
				849C6F2C243C5422001DC258 /* Book.swift */,
				849C6F2E243C557C001DC258 /* BookCover.swift */,
				849C6F28243C53B7001DC258 /* Author.swift */,
				849C6F2A243C540F001DC258 /* Narrator.swift */,
			);
			path = Models;
			sourceTree = "<group>";
		};
		849C6F21243C4EAE001DC258 /* View Models */ = {
			isa = PBXGroup;
			children = (
				849375A5243D0C5800A72AE0 /* BooksViewModel.swift */,
			);
			path = "View Models";
			sourceTree = "<group>";
		};
		849C6F22243C4EB4001DC258 /* View Controllers */ = {
			isa = PBXGroup;
			children = (
				84982388243C4DBF00E8CA58 /* BooksViewController.swift */,
				849C6F38243C60AD001DC258 /* BookTableViewCell.swift */,
			);
			path = "View Controllers";
			sourceTree = "<group>";
		};
		849C6F23243C4EBC001DC258 /* UI */ = {
			isa = PBXGroup;
			children = (
			);
			path = UI;
			sourceTree = "<group>";
		};
		849C6F24243C5041001DC258 /* Common */ = {
			isa = PBXGroup;
			children = (
				849C6F32243C567F001DC258 /* Constants.swift */,
				849C6F25243C508B001DC258 /* Extensions */,
			);
			path = Common;
			sourceTree = "<group>";
		};
		849C6F25243C508B001DC258 /* Extensions */ = {
			isa = PBXGroup;
			children = (
				849C6F26243C50AC001DC258 /* UIColorExtension.swift */,
				849375A9243D27E200A72AE0 /* UIViewControllerExtension.swift */,
			);
			path = Extensions;
			sourceTree = "<group>";
		};
		C12D810C53EB277AF60DAD87 /* Pods */ = {
			isa = PBXGroup;
			children = (
				EC8ADBC761F466BF063B89C8 /* Pods-BooksDemo.debug.xcconfig */,
				949C8FAD41E712318B66199C /* Pods-BooksDemo.release.xcconfig */,
				E42E9742C54D7522AA0D350A /* Pods-BooksDemo-BooksDemoUITests.debug.xcconfig */,
				C4333C949F9EAC76D9AA31A0 /* Pods-BooksDemo-BooksDemoUITests.release.xcconfig */,
				BA26D8E38C4CEAE8FAF4C0B3 /* Pods-BooksDemoTests.debug.xcconfig */,
				9990AAC3B39780CD2E9471F0 /* Pods-BooksDemoTests.release.xcconfig */,
			);
			path = Pods;
			sourceTree = "<group>";
		};
/* End PBXGroup section */

/* Begin PBXNativeTarget section */
		84982380243C4DBF00E8CA58 /* BooksDemo */ = {
			isa = PBXNativeTarget;
			buildConfigurationList = 849823AB243C4DC100E8CA58 /* Build configuration list for PBXNativeTarget "BooksDemo" */;
			buildPhases = (
				4244ECD8B735624903043948 /* [CP] Check Pods Manifest.lock */,
				8498237D243C4DBF00E8CA58 /* Sources */,
				8498237E243C4DBF00E8CA58 /* Frameworks */,
				8498237F243C4DBF00E8CA58 /* Resources */,
				3223EFFB972770FCD8F10AA0 /* [CP] Embed Pods Frameworks */,
			);
			buildRules = (
			);
			dependencies = (
			);
			name = BooksDemo;
			productName = BooksDemo;
			productReference = 84982381243C4DBF00E8CA58 /* BooksDemo.app */;
			productType = "com.apple.product-type.application";
		};
		84982396243C4DC000E8CA58 /* BooksDemoTests */ = {
			isa = PBXNativeTarget;
			buildConfigurationList = 849823AE243C4DC100E8CA58 /* Build configuration list for PBXNativeTarget "BooksDemoTests" */;
			buildPhases = (
				DDDC945B4D34EA21C00A53C5 /* [CP] Check Pods Manifest.lock */,
				84982393243C4DC000E8CA58 /* Sources */,
				84982394243C4DC000E8CA58 /* Frameworks */,
				84982395243C4DC000E8CA58 /* Resources */,
			);
			buildRules = (
			);
			dependencies = (
				84982399243C4DC000E8CA58 /* PBXTargetDependency */,
			);
			name = BooksDemoTests;
			productName = BooksDemoTests;
			productReference = 84982397243C4DC000E8CA58 /* BooksDemoTests.xctest */;
			productType = "com.apple.product-type.bundle.unit-test";
		};
		849823A1243C4DC100E8CA58 /* BooksDemoUITests */ = {
			isa = PBXNativeTarget;
			buildConfigurationList = 849823B1243C4DC100E8CA58 /* Build configuration list for PBXNativeTarget "BooksDemoUITests" */;
			buildPhases = (
				3D6D96E0E67AA2E8083C5D40 /* [CP] Check Pods Manifest.lock */,
				8498239E243C4DC100E8CA58 /* Sources */,
				8498239F243C4DC100E8CA58 /* Frameworks */,
				849823A0243C4DC100E8CA58 /* Resources */,
				1D89849CC4FF753BC31D702C /* [CP] Embed Pods Frameworks */,
			);
			buildRules = (
			);
			dependencies = (
				849823A4243C4DC100E8CA58 /* PBXTargetDependency */,
			);
			name = BooksDemoUITests;
			productName = BooksDemoUITests;
			productReference = 849823A2243C4DC100E8CA58 /* BooksDemoUITests.xctest */;
			productType = "com.apple.product-type.bundle.ui-testing";
		};
/* End PBXNativeTarget section */

/* Begin PBXProject section */
		84982379243C4DBF00E8CA58 /* Project object */ = {
			isa = PBXProject;
			attributes = {
				LastSwiftUpdateCheck = 1130;
				LastUpgradeCheck = 1130;
				ORGANIZATIONNAME = "Mohammad Shaker";
				TargetAttributes = {
					84982380243C4DBF00E8CA58 = {
						CreatedOnToolsVersion = 11.3;
					};
					84982396243C4DC000E8CA58 = {
						CreatedOnToolsVersion = 11.3;
						TestTargetID = 84982380243C4DBF00E8CA58;
					};
					849823A1243C4DC100E8CA58 = {
						CreatedOnToolsVersion = 11.3;
						TestTargetID = 84982380243C4DBF00E8CA58;
					};
				};
			};
			buildConfigurationList = 8498237C243C4DBF00E8CA58 /* Build configuration list for PBXProject "BooksDemo" */;
			compatibilityVersion = "Xcode 9.3";
			developmentRegion = en;
			hasScannedForEncodings = 0;
			knownRegions = (
				en,
				Base,
			);
			mainGroup = 84982378243C4DBF00E8CA58;
			productRefGroup = 84982382243C4DBF00E8CA58 /* Products */;
			projectDirPath = "";
			projectRoot = "";
			targets = (
				84982380243C4DBF00E8CA58 /* BooksDemo */,
				84982396243C4DC000E8CA58 /* BooksDemoTests */,
				849823A1243C4DC100E8CA58 /* BooksDemoUITests */,
			);
		};
/* End PBXProject section */

/* Begin PBXResourcesBuildPhase section */
		8498237F243C4DBF00E8CA58 /* Resources */ = {
			isa = PBXResourcesBuildPhase;
			buildActionMask = 2147483647;
			files = (
				84982391243C4DC000E8CA58 /* LaunchScreen.storyboard in Resources */,
				8498238E243C4DC000E8CA58 /* Assets.xcassets in Resources */,
			);
			runOnlyForDeploymentPostprocessing = 0;
		};
		84982395243C4DC000E8CA58 /* Resources */ = {
			isa = PBXResourcesBuildPhase;
			buildActionMask = 2147483647;
			files = (
				849375B1243D2EAD00A72AE0 /* books-sample.json in Resources */,
			);
			runOnlyForDeploymentPostprocessing = 0;
		};
		849823A0243C4DC100E8CA58 /* Resources */ = {
			isa = PBXResourcesBuildPhase;
			buildActionMask = 2147483647;
			files = (
			);
			runOnlyForDeploymentPostprocessing = 0;
		};
/* End PBXResourcesBuildPhase section */

/* Begin PBXShellScriptBuildPhase section */
		1D89849CC4FF753BC31D702C /* [CP] Embed Pods Frameworks */ = {
			isa = PBXShellScriptBuildPhase;
			buildActionMask = 2147483647;
			files = (
			);
			inputFileListPaths = (
				"${PODS_ROOT}/Target Support Files/Pods-BooksDemo-BooksDemoUITests/Pods-BooksDemo-BooksDemoUITests-frameworks-${CONFIGURATION}-input-files.xcfilelist",
			);
			name = "[CP] Embed Pods Frameworks";
			outputFileListPaths = (
				"${PODS_ROOT}/Target Support Files/Pods-BooksDemo-BooksDemoUITests/Pods-BooksDemo-BooksDemoUITests-frameworks-${CONFIGURATION}-output-files.xcfilelist",
			);
			runOnlyForDeploymentPostprocessing = 0;
			shellPath = /bin/sh;
			shellScript = "\"${PODS_ROOT}/Target Support Files/Pods-BooksDemo-BooksDemoUITests/Pods-BooksDemo-BooksDemoUITests-frameworks.sh\"\n";
			showEnvVarsInLog = 0;
		};
		3223EFFB972770FCD8F10AA0 /* [CP] Embed Pods Frameworks */ = {
			isa = PBXShellScriptBuildPhase;
			buildActionMask = 2147483647;
			files = (
			);
			inputFileListPaths = (
				"${PODS_ROOT}/Target Support Files/Pods-BooksDemo/Pods-BooksDemo-frameworks-${CONFIGURATION}-input-files.xcfilelist",
			);
			name = "[CP] Embed Pods Frameworks";
			outputFileListPaths = (
				"${PODS_ROOT}/Target Support Files/Pods-BooksDemo/Pods-BooksDemo-frameworks-${CONFIGURATION}-output-files.xcfilelist",
			);
			runOnlyForDeploymentPostprocessing = 0;
			shellPath = /bin/sh;
			shellScript = "\"${PODS_ROOT}/Target Support Files/Pods-BooksDemo/Pods-BooksDemo-frameworks.sh\"\n";
			showEnvVarsInLog = 0;
		};
		3D6D96E0E67AA2E8083C5D40 /* [CP] Check Pods Manifest.lock */ = {
			isa = PBXShellScriptBuildPhase;
			buildActionMask = 2147483647;
			files = (
			);
			inputFileListPaths = (
			);
			inputPaths = (
				"${PODS_PODFILE_DIR_PATH}/Podfile.lock",
				"${PODS_ROOT}/Manifest.lock",
			);
			name = "[CP] Check Pods Manifest.lock";
			outputFileListPaths = (
			);
			outputPaths = (
				"$(DERIVED_FILE_DIR)/Pods-BooksDemo-BooksDemoUITests-checkManifestLockResult.txt",
			);
			runOnlyForDeploymentPostprocessing = 0;
			shellPath = /bin/sh;
			shellScript = "diff \"${PODS_PODFILE_DIR_PATH}/Podfile.lock\" \"${PODS_ROOT}/Manifest.lock\" > /dev/null\nif [ $? != 0 ] ; then\n    # print error to STDERR\n    echo \"error: The sandbox is not in sync with the Podfile.lock. Run 'pod install' or update your CocoaPods installation.\" >&2\n    exit 1\nfi\n# This output is used by Xcode 'outputs' to avoid re-running this script phase.\necho \"SUCCESS\" > \"${SCRIPT_OUTPUT_FILE_0}\"\n";
			showEnvVarsInLog = 0;
		};
		4244ECD8B735624903043948 /* [CP] Check Pods Manifest.lock */ = {
			isa = PBXShellScriptBuildPhase;
			buildActionMask = 2147483647;
			files = (
			);
			inputFileListPaths = (
			);
			inputPaths = (
				"${PODS_PODFILE_DIR_PATH}/Podfile.lock",
				"${PODS_ROOT}/Manifest.lock",
			);
			name = "[CP] Check Pods Manifest.lock";
			outputFileListPaths = (
			);
			outputPaths = (
				"$(DERIVED_FILE_DIR)/Pods-BooksDemo-checkManifestLockResult.txt",
			);
			runOnlyForDeploymentPostprocessing = 0;
			shellPath = /bin/sh;
			shellScript = "diff \"${PODS_PODFILE_DIR_PATH}/Podfile.lock\" \"${PODS_ROOT}/Manifest.lock\" > /dev/null\nif [ $? != 0 ] ; then\n    # print error to STDERR\n    echo \"error: The sandbox is not in sync with the Podfile.lock. Run 'pod install' or update your CocoaPods installation.\" >&2\n    exit 1\nfi\n# This output is used by Xcode 'outputs' to avoid re-running this script phase.\necho \"SUCCESS\" > \"${SCRIPT_OUTPUT_FILE_0}\"\n";
			showEnvVarsInLog = 0;
		};
		DDDC945B4D34EA21C00A53C5 /* [CP] Check Pods Manifest.lock */ = {
			isa = PBXShellScriptBuildPhase;
			buildActionMask = 2147483647;
			files = (
			);
			inputFileListPaths = (
			);
			inputPaths = (
				"${PODS_PODFILE_DIR_PATH}/Podfile.lock",
				"${PODS_ROOT}/Manifest.lock",
			);
			name = "[CP] Check Pods Manifest.lock";
			outputFileListPaths = (
			);
			outputPaths = (
				"$(DERIVED_FILE_DIR)/Pods-BooksDemoTests-checkManifestLockResult.txt",
			);
			runOnlyForDeploymentPostprocessing = 0;
			shellPath = /bin/sh;
			shellScript = "diff \"${PODS_PODFILE_DIR_PATH}/Podfile.lock\" \"${PODS_ROOT}/Manifest.lock\" > /dev/null\nif [ $? != 0 ] ; then\n    # print error to STDERR\n    echo \"error: The sandbox is not in sync with the Podfile.lock. Run 'pod install' or update your CocoaPods installation.\" >&2\n    exit 1\nfi\n# This output is used by Xcode 'outputs' to avoid re-running this script phase.\necho \"SUCCESS\" > \"${SCRIPT_OUTPUT_FILE_0}\"\n";
			showEnvVarsInLog = 0;
		};
/* End PBXShellScriptBuildPhase section */

/* Begin PBXSourcesBuildPhase section */
		8498237D243C4DBF00E8CA58 /* Sources */ = {
			isa = PBXSourcesBuildPhase;
			buildActionMask = 2147483647;
			files = (
				849C6F35243C5736001DC258 /* BooksAPIManager.swift in Sources */,
				849C6F2B243C540F001DC258 /* Narrator.swift in Sources */,
				849375AA243D27E200A72AE0 /* UIViewControllerExtension.swift in Sources */,
				849C6F39243C60AD001DC258 /* BookTableViewCell.swift in Sources */,
				849375A6243D0C5800A72AE0 /* BooksViewModel.swift in Sources */,
				84982389243C4DBF00E8CA58 /* BooksViewController.swift in Sources */,
				849C6F37243C579A001DC258 /* BooksResponse.swift in Sources */,
				849C6F2D243C5422001DC258 /* Book.swift in Sources */,
				84982385243C4DBF00E8CA58 /* AppDelegate.swift in Sources */,
				849C6F2F243C557C001DC258 /* BookCover.swift in Sources */,
				849C6F33243C567F001DC258 /* Constants.swift in Sources */,
				84982387243C4DBF00E8CA58 /* SceneDelegate.swift in Sources */,
				849C6F27243C50AC001DC258 /* UIColorExtension.swift in Sources */,
				849C6F31243C5619001DC258 /* BooksRouter.swift in Sources */,
				849C6F29243C53B7001DC258 /* Author.swift in Sources */,
			);
			runOnlyForDeploymentPostprocessing = 0;
		};
		84982393243C4DC000E8CA58 /* Sources */ = {
			isa = PBXSourcesBuildPhase;
			buildActionMask = 2147483647;
			files = (
				849375AC243D29A200A72AE0 /* BookModelTests.swift in Sources */,
				849375AE243D2D3700A72AE0 /* BooksResponseModelTests.swift in Sources */,
			);
			runOnlyForDeploymentPostprocessing = 0;
		};
		8498239E243C4DC100E8CA58 /* Sources */ = {
			isa = PBXSourcesBuildPhase;
			buildActionMask = 2147483647;
			files = (
				849823A7243C4DC100E8CA58 /* BooksDemoUITests.swift in Sources */,
			);
			runOnlyForDeploymentPostprocessing = 0;
		};
/* End PBXSourcesBuildPhase section */

/* Begin PBXTargetDependency section */
		84982399243C4DC000E8CA58 /* PBXTargetDependency */ = {
			isa = PBXTargetDependency;
			target = 84982380243C4DBF00E8CA58 /* BooksDemo */;
			targetProxy = 84982398243C4DC000E8CA58 /* PBXContainerItemProxy */;
		};
		849823A4243C4DC100E8CA58 /* PBXTargetDependency */ = {
			isa = PBXTargetDependency;
			target = 84982380243C4DBF00E8CA58 /* BooksDemo */;
			targetProxy = 849823A3243C4DC100E8CA58 /* PBXContainerItemProxy */;
		};
/* End PBXTargetDependency section */

/* Begin PBXVariantGroup section */
		8498238F243C4DC000E8CA58 /* LaunchScreen.storyboard */ = {
			isa = PBXVariantGroup;
			children = (
				84982390243C4DC000E8CA58 /* Base */,
			);
			name = LaunchScreen.storyboard;
			sourceTree = "<group>";
		};
/* End PBXVariantGroup section */

/* Begin XCBuildConfiguration section */
		849823A9243C4DC100E8CA58 /* Debug */ = {
			isa = XCBuildConfiguration;
			buildSettings = {
				ALWAYS_SEARCH_USER_PATHS = NO;
				CLANG_ANALYZER_NONNULL = YES;
				CLANG_ANALYZER_NUMBER_OBJECT_CONVERSION = YES_AGGRESSIVE;
				CLANG_CXX_LANGUAGE_STANDARD = "gnu++14";
				CLANG_CXX_LIBRARY = "libc++";
				CLANG_ENABLE_MODULES = YES;
				CLANG_ENABLE_OBJC_ARC = YES;
				CLANG_ENABLE_OBJC_WEAK = YES;
				CLANG_WARN_BLOCK_CAPTURE_AUTORELEASING = YES;
				CLANG_WARN_BOOL_CONVERSION = YES;
				CLANG_WARN_COMMA = YES;
				CLANG_WARN_CONSTANT_CONVERSION = YES;
				CLANG_WARN_DEPRECATED_OBJC_IMPLEMENTATIONS = YES;
				CLANG_WARN_DIRECT_OBJC_ISA_USAGE = YES_ERROR;
				CLANG_WARN_DOCUMENTATION_COMMENTS = YES;
				CLANG_WARN_EMPTY_BODY = YES;
				CLANG_WARN_ENUM_CONVERSION = YES;
				CLANG_WARN_INFINITE_RECURSION = YES;
				CLANG_WARN_INT_CONVERSION = YES;
				CLANG_WARN_NON_LITERAL_NULL_CONVERSION = YES;
				CLANG_WARN_OBJC_IMPLICIT_RETAIN_SELF = YES;
				CLANG_WARN_OBJC_LITERAL_CONVERSION = YES;
				CLANG_WARN_OBJC_ROOT_CLASS = YES_ERROR;
				CLANG_WARN_RANGE_LOOP_ANALYSIS = YES;
				CLANG_WARN_STRICT_PROTOTYPES = YES;
				CLANG_WARN_SUSPICIOUS_MOVE = YES;
				CLANG_WARN_UNGUARDED_AVAILABILITY = YES_AGGRESSIVE;
				CLANG_WARN_UNREACHABLE_CODE = YES;
				CLANG_WARN__DUPLICATE_METHOD_MATCH = YES;
				COPY_PHASE_STRIP = NO;
				DEBUG_INFORMATION_FORMAT = dwarf;
				ENABLE_STRICT_OBJC_MSGSEND = YES;
				ENABLE_TESTABILITY = YES;
				GCC_C_LANGUAGE_STANDARD = gnu11;
				GCC_DYNAMIC_NO_PIC = NO;
				GCC_NO_COMMON_BLOCKS = YES;
				GCC_OPTIMIZATION_LEVEL = 0;
				GCC_PREPROCESSOR_DEFINITIONS = (
					"DEBUG=1",
					"$(inherited)",
				);
				GCC_WARN_64_TO_32_BIT_CONVERSION = YES;
				GCC_WARN_ABOUT_RETURN_TYPE = YES_ERROR;
				GCC_WARN_UNDECLARED_SELECTOR = YES;
				GCC_WARN_UNINITIALIZED_AUTOS = YES_AGGRESSIVE;
				GCC_WARN_UNUSED_FUNCTION = YES;
				GCC_WARN_UNUSED_VARIABLE = YES;
				IPHONEOS_DEPLOYMENT_TARGET = 13.2;
				MTL_ENABLE_DEBUG_INFO = INCLUDE_SOURCE;
				MTL_FAST_MATH = YES;
				ONLY_ACTIVE_ARCH = YES;
				SDKROOT = iphoneos;
				SWIFT_ACTIVE_COMPILATION_CONDITIONS = DEBUG;
				SWIFT_OPTIMIZATION_LEVEL = "-Onone";
			};
			name = Debug;
		};
		849823AA243C4DC100E8CA58 /* Release */ = {
			isa = XCBuildConfiguration;
			buildSettings = {
				ALWAYS_SEARCH_USER_PATHS = NO;
				CLANG_ANALYZER_NONNULL = YES;
				CLANG_ANALYZER_NUMBER_OBJECT_CONVERSION = YES_AGGRESSIVE;
				CLANG_CXX_LANGUAGE_STANDARD = "gnu++14";
				CLANG_CXX_LIBRARY = "libc++";
				CLANG_ENABLE_MODULES = YES;
				CLANG_ENABLE_OBJC_ARC = YES;
				CLANG_ENABLE_OBJC_WEAK = YES;
				CLANG_WARN_BLOCK_CAPTURE_AUTORELEASING = YES;
				CLANG_WARN_BOOL_CONVERSION = YES;
				CLANG_WARN_COMMA = YES;
				CLANG_WARN_CONSTANT_CONVERSION = YES;
				CLANG_WARN_DEPRECATED_OBJC_IMPLEMENTATIONS = YES;
				CLANG_WARN_DIRECT_OBJC_ISA_USAGE = YES_ERROR;
				CLANG_WARN_DOCUMENTATION_COMMENTS = YES;
				CLANG_WARN_EMPTY_BODY = YES;
				CLANG_WARN_ENUM_CONVERSION = YES;
				CLANG_WARN_INFINITE_RECURSION = YES;
				CLANG_WARN_INT_CONVERSION = YES;
				CLANG_WARN_NON_LITERAL_NULL_CONVERSION = YES;
				CLANG_WARN_OBJC_IMPLICIT_RETAIN_SELF = YES;
				CLANG_WARN_OBJC_LITERAL_CONVERSION = YES;
				CLANG_WARN_OBJC_ROOT_CLASS = YES_ERROR;
				CLANG_WARN_RANGE_LOOP_ANALYSIS = YES;
				CLANG_WARN_STRICT_PROTOTYPES = YES;
				CLANG_WARN_SUSPICIOUS_MOVE = YES;
				CLANG_WARN_UNGUARDED_AVAILABILITY = YES_AGGRESSIVE;
				CLANG_WARN_UNREACHABLE_CODE = YES;
				CLANG_WARN__DUPLICATE_METHOD_MATCH = YES;
				COPY_PHASE_STRIP = NO;
				DEBUG_INFORMATION_FORMAT = "dwarf-with-dsym";
				ENABLE_NS_ASSERTIONS = NO;
				ENABLE_STRICT_OBJC_MSGSEND = YES;
				GCC_C_LANGUAGE_STANDARD = gnu11;
				GCC_NO_COMMON_BLOCKS = YES;
				GCC_WARN_64_TO_32_BIT_CONVERSION = YES;
				GCC_WARN_ABOUT_RETURN_TYPE = YES_ERROR;
				GCC_WARN_UNDECLARED_SELECTOR = YES;
				GCC_WARN_UNINITIALIZED_AUTOS = YES_AGGRESSIVE;
				GCC_WARN_UNUSED_FUNCTION = YES;
				GCC_WARN_UNUSED_VARIABLE = YES;
				IPHONEOS_DEPLOYMENT_TARGET = 13.2;
				MTL_ENABLE_DEBUG_INFO = NO;
				MTL_FAST_MATH = YES;
				SDKROOT = iphoneos;
				SWIFT_COMPILATION_MODE = wholemodule;
				SWIFT_OPTIMIZATION_LEVEL = "-O";
				VALIDATE_PRODUCT = YES;
			};
			name = Release;
		};
		849823AC243C4DC100E8CA58 /* Debug */ = {
			isa = XCBuildConfiguration;
			baseConfigurationReference = EC8ADBC761F466BF063B89C8 /* Pods-BooksDemo.debug.xcconfig */;
			buildSettings = {
				ASSETCATALOG_COMPILER_APPICON_NAME = AppIcon;
				CODE_SIGN_STYLE = Automatic;
				INFOPLIST_FILE = BooksDemo/Info.plist;
				LD_RUNPATH_SEARCH_PATHS = (
					"$(inherited)",
					"@executable_path/Frameworks",
				);
				PRODUCT_BUNDLE_IDENTIFIER = com.msm.BooksDemo;
				PRODUCT_NAME = "$(TARGET_NAME)";
				SWIFT_VERSION = 5.0;
				TARGETED_DEVICE_FAMILY = "1,2";
			};
			name = Debug;
		};
		849823AD243C4DC100E8CA58 /* Release */ = {
			isa = XCBuildConfiguration;
			baseConfigurationReference = 949C8FAD41E712318B66199C /* Pods-BooksDemo.release.xcconfig */;
			buildSettings = {
				ASSETCATALOG_COMPILER_APPICON_NAME = AppIcon;
				CODE_SIGN_STYLE = Automatic;
				INFOPLIST_FILE = BooksDemo/Info.plist;
				LD_RUNPATH_SEARCH_PATHS = (
					"$(inherited)",
					"@executable_path/Frameworks",
				);
				PRODUCT_BUNDLE_IDENTIFIER = com.msm.BooksDemo;
				PRODUCT_NAME = "$(TARGET_NAME)";
				SWIFT_VERSION = 5.0;
				TARGETED_DEVICE_FAMILY = "1,2";
			};
			name = Release;
		};
		849823AF243C4DC100E8CA58 /* Debug */ = {
			isa = XCBuildConfiguration;
			baseConfigurationReference = BA26D8E38C4CEAE8FAF4C0B3 /* Pods-BooksDemoTests.debug.xcconfig */;
			buildSettings = {
				ALWAYS_EMBED_SWIFT_STANDARD_LIBRARIES = YES;
				BUNDLE_LOADER = "$(TEST_HOST)";
				CODE_SIGN_STYLE = Automatic;
				INFOPLIST_FILE = BooksDemoTests/Info.plist;
				IPHONEOS_DEPLOYMENT_TARGET = 13.2;
				LD_RUNPATH_SEARCH_PATHS = (
					"$(inherited)",
					"@executable_path/Frameworks",
					"@loader_path/Frameworks",
				);
				PRODUCT_BUNDLE_IDENTIFIER = com.msm.BooksDemoTests;
				PRODUCT_NAME = "$(TARGET_NAME)";
				SWIFT_VERSION = 5.0;
				TARGETED_DEVICE_FAMILY = "1,2";
				TEST_HOST = "$(BUILT_PRODUCTS_DIR)/BooksDemo.app/BooksDemo";
			};
			name = Debug;
		};
		849823B0243C4DC100E8CA58 /* Release */ = {
			isa = XCBuildConfiguration;
			baseConfigurationReference = 9990AAC3B39780CD2E9471F0 /* Pods-BooksDemoTests.release.xcconfig */;
			buildSettings = {
				ALWAYS_EMBED_SWIFT_STANDARD_LIBRARIES = YES;
				BUNDLE_LOADER = "$(TEST_HOST)";
				CODE_SIGN_STYLE = Automatic;
				INFOPLIST_FILE = BooksDemoTests/Info.plist;
				IPHONEOS_DEPLOYMENT_TARGET = 13.2;
				LD_RUNPATH_SEARCH_PATHS = (
					"$(inherited)",
					"@executable_path/Frameworks",
					"@loader_path/Frameworks",
				);
				PRODUCT_BUNDLE_IDENTIFIER = com.msm.BooksDemoTests;
				PRODUCT_NAME = "$(TARGET_NAME)";
				SWIFT_VERSION = 5.0;
				TARGETED_DEVICE_FAMILY = "1,2";
				TEST_HOST = "$(BUILT_PRODUCTS_DIR)/BooksDemo.app/BooksDemo";
			};
			name = Release;
		};
		849823B2243C4DC100E8CA58 /* Debug */ = {
			isa = XCBuildConfiguration;
			baseConfigurationReference = E42E9742C54D7522AA0D350A /* Pods-BooksDemo-BooksDemoUITests.debug.xcconfig */;
			buildSettings = {
				ALWAYS_EMBED_SWIFT_STANDARD_LIBRARIES = YES;
				CODE_SIGN_STYLE = Automatic;
				INFOPLIST_FILE = BooksDemoUITests/Info.plist;
				LD_RUNPATH_SEARCH_PATHS = (
					"$(inherited)",
					"@executable_path/Frameworks",
					"@loader_path/Frameworks",
				);
				PRODUCT_BUNDLE_IDENTIFIER = com.msm.BooksDemoUITests;
				PRODUCT_NAME = "$(TARGET_NAME)";
				SWIFT_VERSION = 5.0;
				TARGETED_DEVICE_FAMILY = "1,2";
				TEST_TARGET_NAME = BooksDemo;
			};
			name = Debug;
		};
		849823B3243C4DC100E8CA58 /* Release */ = {
			isa = XCBuildConfiguration;
			baseConfigurationReference = C4333C949F9EAC76D9AA31A0 /* Pods-BooksDemo-BooksDemoUITests.release.xcconfig */;
			buildSettings = {
				ALWAYS_EMBED_SWIFT_STANDARD_LIBRARIES = YES;
				CODE_SIGN_STYLE = Automatic;
				INFOPLIST_FILE = BooksDemoUITests/Info.plist;
				LD_RUNPATH_SEARCH_PATHS = (
					"$(inherited)",
					"@executable_path/Frameworks",
					"@loader_path/Frameworks",
				);
				PRODUCT_BUNDLE_IDENTIFIER = com.msm.BooksDemoUITests;
				PRODUCT_NAME = "$(TARGET_NAME)";
				SWIFT_VERSION = 5.0;
				TARGETED_DEVICE_FAMILY = "1,2";
				TEST_TARGET_NAME = BooksDemo;
			};
			name = Release;
		};
/* End XCBuildConfiguration section */

/* Begin XCConfigurationList section */
		8498237C243C4DBF00E8CA58 /* Build configuration list for PBXProject "BooksDemo" */ = {
			isa = XCConfigurationList;
			buildConfigurations = (
				849823A9243C4DC100E8CA58 /* Debug */,
				849823AA243C4DC100E8CA58 /* Release */,
			);
			defaultConfigurationIsVisible = 0;
			defaultConfigurationName = Release;
		};
		849823AB243C4DC100E8CA58 /* Build configuration list for PBXNativeTarget "BooksDemo" */ = {
			isa = XCConfigurationList;
			buildConfigurations = (
				849823AC243C4DC100E8CA58 /* Debug */,
				849823AD243C4DC100E8CA58 /* Release */,
			);
			defaultConfigurationIsVisible = 0;
			defaultConfigurationName = Release;
		};
		849823AE243C4DC100E8CA58 /* Build configuration list for PBXNativeTarget "BooksDemoTests" */ = {
			isa = XCConfigurationList;
			buildConfigurations = (
				849823AF243C4DC100E8CA58 /* Debug */,
				849823B0243C4DC100E8CA58 /* Release */,
			);
			defaultConfigurationIsVisible = 0;
			defaultConfigurationName = Release;
		};
		849823B1243C4DC100E8CA58 /* Build configuration list for PBXNativeTarget "BooksDemoUITests" */ = {
			isa = XCConfigurationList;
			buildConfigurations = (
				849823B2243C4DC100E8CA58 /* Debug */,
				849823B3243C4DC100E8CA58 /* Release */,
			);
			defaultConfigurationIsVisible = 0;
			defaultConfigurationName = Release;
		};
/* End XCConfigurationList section */
	};
	rootObject = 84982379243C4DBF00E8CA58 /* Project object */;
}
